
Microsoft Visual Studio Solution File, Format Version 12.00
# Visual Studio Version 17
VisualStudioVersion = 17.6.33723.286
MinimumVisualStudioVersion = 10.0.40219.1
Project("{9A19103F-16F7-4668-BE54-9A1E7A4F7556}") = "LoggerSystem", "LoggerSystem\LoggerSystem.csproj", "{E3AAC926-B1B6-48D5-B9C0-E6842C5BF5ED}"
EndProject
Project("{9A19103F-16F7-4668-BE54-9A1E7A4F7556}") = "Snake&LadderGame", "Snake&LadderGame\Snake&LadderGame.csproj", "{02FCDBD7-FE4E-4DE4-B3E8-4D33160436DA}"
EndProject
Project("{9A19103F-16F7-4668-BE54-9A1E7A4F7556}") = "TicTacToe", "TicTacToe\TicTacToe.csproj", "{36AB9E2B-30F3-4E51-9189-44854F086421}"
EndProject
Project("{9A19103F-16F7-4668-BE54-9A1E7A4F7556}") = "RateLimiting", "RateLimiting\RateLimiting.csproj", "{F69F4973-2F2E-4B38-9083-9E37CB9B024D}"
EndProject
Project("{9A19103F-16F7-4668-BE54-9A1E7A4F7556}") = "ElevatorSystem", "ElevatorSystem\ElevatorSystem.csproj", "{864DAC97-71B4-4159-9529-4F9AAC9FCEF0}"
EndProject
Project("{9A19103F-16F7-4668-BE54-9A1E7A4F7556}") = "ATMSystem", "ATMSystem\ATMSystem.csproj", "{780787AB-5CF4-4CF3-A8E9-77B4ABA389D7}"
EndProject
Project("{FAE04EC0-301F-11D3-BF4B-00C04F79EFBC}") = "VendingMachine", "VendingMachine\VendingMachine.csproj", "{24ACF753-A087-4499-A516-E02883262A7F}"
EndProject
Global
	GlobalSection(SolutionConfigurationPlatforms) = preSolution
		Debug|Any CPU = Debug|Any CPU
		Release|Any CPU = Release|Any CPU
	EndGlobalSection
	GlobalSection(ProjectConfigurationPlatforms) = postSolution
		{E3AAC926-B1B6-48D5-B9C0-E6842C5BF5ED}.Debug|Any CPU.ActiveCfg = Debug|Any CPU
		{E3AAC926-B1B6-48D5-B9C0-E6842C5BF5ED}.Debug|Any CPU.Build.0 = Debug|Any CPU
		{E3AAC926-B1B6-48D5-B9C0-E6842C5BF5ED}.Release|Any CPU.ActiveCfg = Release|Any CPU
		{E3AAC926-B1B6-48D5-B9C0-E6842C5BF5ED}.Release|Any CPU.Build.0 = Release|Any CPU
		{02FCDBD7-FE4E-4DE4-B3E8-4D33160436DA}.Debug|Any CPU.ActiveCfg = Debug|Any CPU
		{02FCDBD7-FE4E-4DE4-B3E8-4D33160436DA}.Debug|Any CPU.Build.0 = Debug|Any CPU
		{02FCDBD7-FE4E-4DE4-B3E8-4D33160436DA}.Release|Any CPU.ActiveCfg = Release|Any CPU
		{02FCDBD7-FE4E-4DE4-B3E8-4D33160436DA}.Release|Any CPU.Build.0 = Release|Any CPU
		{36AB9E2B-30F3-4E51-9189-44854F086421}.Debug|Any CPU.ActiveCfg = Debug|Any CPU
		{36AB9E2B-30F3-4E51-9189-44854F086421}.Debug|Any CPU.Build.0 = Debug|Any CPU
		{36AB9E2B-30F3-4E51-9189-44854F086421}.Release|Any CPU.ActiveCfg = Release|Any CPU
		{36AB9E2B-30F3-4E51-9189-44854F086421}.Release|Any CPU.Build.0 = Release|Any CPU
		{F69F4973-2F2E-4B38-9083-9E37CB9B024D}.Debug|Any CPU.ActiveCfg = Debug|Any CPU
		{F69F4973-2F2E-4B38-9083-9E37CB9B024D}.Debug|Any CPU.Build.0 = Debug|Any CPU
		{F69F4973-2F2E-4B38-9083-9E37CB9B024D}.Release|Any CPU.ActiveCfg = Release|Any CPU
		{F69F4973-2F2E-4B38-9083-9E37CB9B024D}.Release|Any CPU.Build.0 = Release|Any CPU
		{864DAC97-71B4-4159-9529-4F9AAC9FCEF0}.Debug|Any CPU.ActiveCfg = Debug|Any CPU
		{864DAC97-71B4-4159-9529-4F9AAC9FCEF0}.Debug|Any CPU.Build.0 = Debug|Any CPU
		{864DAC97-71B4-4159-9529-4F9AAC9FCEF0}.Release|Any CPU.ActiveCfg = Release|Any CPU
		{864DAC97-71B4-4159-9529-4F9AAC9FCEF0}.Release|Any CPU.Build.0 = Release|Any CPU
		{780787AB-5CF4-4CF3-A8E9-77B4ABA389D7}.Debug|Any CPU.ActiveCfg = Debug|Any CPU
		{780787AB-5CF4-4CF3-A8E9-77B4ABA389D7}.Debug|Any CPU.Build.0 = Debug|Any CPU
		{780787AB-5CF4-4CF3-A8E9-77B4ABA389D7}.Release|Any CPU.ActiveCfg = Release|Any CPU
		{780787AB-5CF4-4CF3-A8E9-77B4ABA389D7}.Release|Any CPU.Build.0 = Release|Any CPU
		{24ACF753-A087-4499-A516-E02883262A7F}.Debug|Any CPU.ActiveCfg = Debug|Any CPU
		{24ACF753-A087-4499-A516-E02883262A7F}.Debug|Any CPU.Build.0 = Debug|Any CPU
		{24ACF753-A087-4499-A516-E02883262A7F}.Release|Any CPU.ActiveCfg = Release|Any CPU
		{24ACF753-A087-4499-A516-E02883262A7F}.Release|Any CPU.Build.0 = Release|Any CPU
	EndGlobalSection
	GlobalSection(SolutionProperties) = preSolution
		HideSolutionNode = FALSE
	EndGlobalSection
	GlobalSection(ExtensibilityGlobals) = postSolution
		SolutionGuid = {D71A7E11-774E-4D5F-9A0E-733CF11E631F}
	EndGlobalSection
EndGlobal
